
Microsoft Visual Studio Solution File, Format Version 12.00
# Visual Studio Version 17
VisualStudioVersion = 17.14.36121.58
MinimumVisualStudioVersion = 10.0.40219.1
Project("{FAE04EC0-301F-11D3-BF4B-00C04F79EFBC}") = "BlazorLore.Format.Cli", "BlazorLore.Format\BlazorLore.Format.Cli\BlazorLore.Format.Cli.csproj", "{E91FCFAB-6B67-938C-1DE6-03FD4C4BD81E}"
EndProject
Project("{2150E333-8FDC-42A3-9474-1A3956D46DE8}") = "BlazorLore.Format", "BlazorLore.Format", "{E9D7F2FB-3087-1D17-C010-04EAF606B7A3}"
EndProject
Project("{FAE04EC0-301F-11D3-BF4B-00C04F79EFBC}") = "BlazorLore.Format.Core", "BlazorLore.Format\BlazorLore.Format.Core\BlazorLore.Format.Core.csproj", "{2F7C70F2-3FB0-0A7B-3E60-14B4ABD92267}"
EndProject
Project("{FAE04EC0-301F-11D3-BF4B-00C04F79EFBC}") = "BlazorLore.Format.Core.Tests", "BlazorLore.Format\BlazorLore.Format.Core.Tests\BlazorLore.Format.Core.Tests.csproj", "{1FBB6D76-7AA8-0FE3-29C1-D9E7E924618D}"
EndProject
Global
	GlobalSection(SolutionConfigurationPlatforms) = preSolution
		Debug|Any CPU = Debug|Any CPU
		Release|Any CPU = Release|Any CPU
	EndGlobalSection
	GlobalSection(ProjectConfigurationPlatforms) = postSolution
		{E91FCFAB-6B67-938C-1DE6-03FD4C4BD81E}.Debug|Any CPU.ActiveCfg = Debug|Any CPU
		{E91FCFAB-6B67-938C-1DE6-03FD4C4BD81E}.Debug|Any CPU.Build.0 = Debug|Any CPU
		{E91FCFAB-6B67-938C-1DE6-03FD4C4BD81E}.Release|Any CPU.ActiveCfg = Release|Any CPU
		{E91FCFAB-6B67-938C-1DE6-03FD4C4BD81E}.Release|Any CPU.Build.0 = Release|Any CPU
		{2F7C70F2-3FB0-0A7B-3E60-14B4ABD92267}.Debug|Any CPU.ActiveCfg = Debug|Any CPU
		{2F7C70F2-3FB0-0A7B-3E60-14B4ABD92267}.Debug|Any CPU.Build.0 = Debug|Any CPU
		{2F7C70F2-3FB0-0A7B-3E60-14B4ABD92267}.Release|Any CPU.ActiveCfg = Release|Any CPU
		{2F7C70F2-3FB0-0A7B-3E60-14B4ABD92267}.Release|Any CPU.Build.0 = Release|Any CPU
		{1FBB6D76-7AA8-0FE3-29C1-D9E7E924618D}.Debug|Any CPU.ActiveCfg = Debug|Any CPU
		{1FBB6D76-7AA8-0FE3-29C1-D9E7E924618D}.Debug|Any CPU.Build.0 = Debug|Any CPU
		{1FBB6D76-7AA8-0FE3-29C1-D9E7E924618D}.Release|Any CPU.ActiveCfg = Release|Any CPU
		{1FBB6D76-7AA8-0FE3-29C1-D9E7E924618D}.Release|Any CPU.Build.0 = Release|Any CPU
	EndGlobalSection
	GlobalSection(SolutionProperties) = preSolution
		HideSolutionNode = FALSE
	EndGlobalSection
	GlobalSection(NestedProjects) = preSolution
		{E91FCFAB-6B67-938C-1DE6-03FD4C4BD81E} = {E9D7F2FB-3087-1D17-C010-04EAF606B7A3}
		{2F7C70F2-3FB0-0A7B-3E60-14B4ABD92267} = {E9D7F2FB-3087-1D17-C010-04EAF606B7A3}
		{1FBB6D76-7AA8-0FE3-29C1-D9E7E924618D} = {E9D7F2FB-3087-1D17-C010-04EAF606B7A3}
	EndGlobalSection
	GlobalSection(ExtensibilityGlobals) = postSolution
		SolutionGuid = {F43C3A9F-8180-48F8-BB1D-DC6494ACD99A}
	EndGlobalSection
EndGlobal
